
Microsoft Visual Studio Solution File, Format Version 12.00
# Visual Studio Version 17
VisualStudioVersion = 17.0.31903.59
MinimumVisualStudioVersion = 10.0.40219.1
Project("{9A19103F-16F7-4668-BE54-9A1E7A4F7556}") = "ScreenSound", "ScreenSound\ScreenSound.csproj", "{A9CCE41C-6657-42BF-AED4-F3F578033037}"
EndProject
Project("{FAE04EC0-301F-11D3-BF4B-00C04F79EFBC}") = "ScreenSound.API", "ScreenSound.API\ScreenSound.API.csproj", "{78BDC163-9564-40A4-80EE-3570F672FA28}"
EndProject
Project("{FAE04EC0-301F-11D3-BF4B-00C04F79EFBC}") = "ScreenSound.Shared.Modelos", "ScreenSound.Shared.Models\ScreenSound.Shared.Modelos.csproj", "{30C85285-6C2F-42D3-A9A8-788A2A6CDA99}"
EndProject
Project("{FAE04EC0-301F-11D3-BF4B-00C04F79EFBC}") = "ScreenSound.Shared.Dados", "ScreenSound.Shared.Dadis\ScreenSound.Shared.Dados.csproj", "{5599FDC5-67D8-4737-A483-4234CD75C48A}"
EndProject
Global
	GlobalSection(SolutionConfigurationPlatforms) = preSolution
		Debug|Any CPU = Debug|Any CPU
		Release|Any CPU = Release|Any CPU
	EndGlobalSection
	GlobalSection(ProjectConfigurationPlatforms) = postSolution
		{A9CCE41C-6657-42BF-AED4-F3F578033037}.Debug|Any CPU.ActiveCfg = Debug|Any CPU
		{A9CCE41C-6657-42BF-AED4-F3F578033037}.Debug|Any CPU.Build.0 = Debug|Any CPU
		{A9CCE41C-6657-42BF-AED4-F3F578033037}.Release|Any CPU.ActiveCfg = Release|Any CPU
		{A9CCE41C-6657-42BF-AED4-F3F578033037}.Release|Any CPU.Build.0 = Release|Any CPU
		{78BDC163-9564-40A4-80EE-3570F672FA28}.Debug|Any CPU.ActiveCfg = Debug|Any CPU
		{78BDC163-9564-40A4-80EE-3570F672FA28}.Debug|Any CPU.Build.0 = Debug|Any CPU
		{78BDC163-9564-40A4-80EE-3570F672FA28}.Release|Any CPU.ActiveCfg = Release|Any CPU
		{78BDC163-9564-40A4-80EE-3570F672FA28}.Release|Any CPU.Build.0 = Release|Any CPU
		{30C85285-6C2F-42D3-A9A8-788A2A6CDA99}.Debug|Any CPU.ActiveCfg = Debug|Any CPU
		{30C85285-6C2F-42D3-A9A8-788A2A6CDA99}.Debug|Any CPU.Build.0 = Debug|Any CPU
		{30C85285-6C2F-42D3-A9A8-788A2A6CDA99}.Release|Any CPU.ActiveCfg = Release|Any CPU
		{30C85285-6C2F-42D3-A9A8-788A2A6CDA99}.Release|Any CPU.Build.0 = Release|Any CPU
		{5599FDC5-67D8-4737-A483-4234CD75C48A}.Debug|Any CPU.ActiveCfg = Debug|Any CPU
		{5599FDC5-67D8-4737-A483-4234CD75C48A}.Debug|Any CPU.Build.0 = Debug|Any CPU
		{5599FDC5-67D8-4737-A483-4234CD75C48A}.Release|Any CPU.ActiveCfg = Release|Any CPU
		{5599FDC5-67D8-4737-A483-4234CD75C48A}.Release|Any CPU.Build.0 = Release|Any CPU
	EndGlobalSection
	GlobalSection(SolutionProperties) = preSolution
		HideSolutionNode = FALSE
	EndGlobalSection
	GlobalSection(ExtensibilityGlobals) = postSolution
		SolutionGuid = {0871124D-2614-45DC-9029-FF5DBA67A54D}
	EndGlobalSection
EndGlobal
